
Microsoft Visual Studio Solution File, Format Version 12.00
# Visual Studio Version 17
VisualStudioVersion = 17.2.32630.192
MinimumVisualStudioVersion = 10.0.40219.1
Project("{FAE04EC0-301F-11D3-BF4B-00C04F79EFBC}") = "ProjectKlix", "ProjectKlix\ProjectKlix.csproj", "{C25BFBEB-0EB2-4EA9-9D3F-58ED3EF4661B}"
EndProject
Global
	GlobalSection(SolutionConfigurationPlatforms) = preSolution
		Debug|Any CPU = Debug|Any CPU
		Release|Any CPU = Release|Any CPU
	EndGlobalSection
	GlobalSection(ProjectConfigurationPlatforms) = postSolution
		{C25BFBEB-0EB2-4EA9-9D3F-58ED3EF4661B}.Debug|Any CPU.ActiveCfg = Debug|Any CPU
		{C25BFBEB-0EB2-4EA9-9D3F-58ED3EF4661B}.Debug|Any CPU.Build.0 = Debug|Any CPU
		{C25BFBEB-0EB2-4EA9-9D3F-58ED3EF4661B}.Release|Any CPU.ActiveCfg = Release|Any CPU
		{C25BFBEB-0EB2-4EA9-9D3F-58ED3EF4661B}.Release|Any CPU.Build.0 = Release|Any CPU
	EndGlobalSection
	GlobalSection(SolutionProperties) = preSolution
		HideSolutionNode = FALSE
	EndGlobalSection
	GlobalSection(ExtensibilityGlobals) = postSolution
		SolutionGuid = {F6D09CC4-7264-4E50-8944-52E8340DEC1D}
	EndGlobalSection
EndGlobal
